
Microsoft Visual Studio Solution File, Format Version 12.00
# Visual Studio Version 16
VisualStudioVersion = 16.0.29215.179
MinimumVisualStudioVersion = 10.0.40219.1
Project("{9A19103F-16F7-4668-BE54-9A1E7A4F7556}") = "ConsoleApp", "ConsoleApp\ConsoleApp.csproj", "{A86232D5-0531-46B9-99EE-BE8551D362EF}"
EndProject
Project("{FAE04EC0-301F-11D3-BF4B-00C04F79EFBC}") = "DAL", "DAL\DAL.csproj", "{56C3FE5B-C9B5-457E-A252-C828EF814159}"
EndProject
Global
	GlobalSection(SolutionConfigurationPlatforms) = preSolution
		Debug|Any CPU = Debug|Any CPU
		Release|Any CPU = Release|Any CPU
	EndGlobalSection
	GlobalSection(ProjectConfigurationPlatforms) = postSolution
		{A86232D5-0531-46B9-99EE-BE8551D362EF}.Debug|Any CPU.ActiveCfg = Debug|Any CPU
		{A86232D5-0531-46B9-99EE-BE8551D362EF}.Debug|Any CPU.Build.0 = Debug|Any CPU
		{A86232D5-0531-46B9-99EE-BE8551D362EF}.Release|Any CPU.ActiveCfg = Release|Any CPU
		{A86232D5-0531-46B9-99EE-BE8551D362EF}.Release|Any CPU.Build.0 = Release|Any CPU
		{56C3FE5B-C9B5-457E-A252-C828EF814159}.Debug|Any CPU.ActiveCfg = Debug|Any CPU
		{56C3FE5B-C9B5-457E-A252-C828EF814159}.Debug|Any CPU.Build.0 = Debug|Any CPU
		{56C3FE5B-C9B5-457E-A252-C828EF814159}.Release|Any CPU.ActiveCfg = Release|Any CPU
		{56C3FE5B-C9B5-457E-A252-C828EF814159}.Release|Any CPU.Build.0 = Release|Any CPU
	EndGlobalSection
	GlobalSection(SolutionProperties) = preSolution
		HideSolutionNode = FALSE
	EndGlobalSection
	GlobalSection(ExtensibilityGlobals) = postSolution
		SolutionGuid = {EA1704BA-0AF4-4D4F-B220-6B418F4C7E67}
	EndGlobalSection
EndGlobal
